{
  "nodes": {
    "familiar": {
      "flake": false,
      "locked": {
        "lastModified": 1786831353,
        "narHash": "sha256-6wBMmCoTiZT7FKWrY7ID5vkNNDjjUZoYvEMuM2C6URY=",
        "owner": "tanrendev",
        "repo": "familiar",
        "rev": "d340ca4fe4ddf3ff936c55812f17aaeb8d81f4c2",
        "type": "github"
      },
      "original": {
        "owner": "tanrendev",
        "repo": "familiar",
        "type": "github"
      }
    },
    "home-manager": {
      "inputs": {
        "nixpkgs": [
          "nixpkgs"
        ]
      },
      "locked": {
        "lastModified": 1786929086,
        "narHash": "sha256-kzpwMyT7i2fTQ41tf/WlsIHuJtf3e0leRBEPkBhUzBY=",
        "owner": "nix-community",
        "repo": "home-manager",
        "rev": "aac4965ddb7ea2ff0f3cadd9502c7042b7aa07ba",
        "type": "github"
      },
      "original": {
        "owner": "nix-community",
        "repo": "home-manager",
        "type": "github"
      }
    },
    "nix-index-database": {
      "inputs": {
        "nixpkgs": [
          "nixpkgs"
        ]
      },
      "locked": {
        "lastModified": 1786852476,
        "narHash": "sha256-IM5CYtf86W4w8eUPpKcY/LpdHElmVBtJhaKnoTKxZEA=",
        "owner": "nix-community",
        "repo": "nix-index-database",
        "rev": "c7962dc97b45129df8d751bedaf37beb5a17706e",
        "type": "github"
      },
      "original": {
        "owner": "nix-community",
        "repo": "nix-index-database",
        "type": "github"
      }
    },
    "nixpkgs": {
      "locked": {
        "lastModified": 1786862985,
        "narHash": "sha256-FBJRXmbGXiSUDvYEbfLYRkckayyZ6SK1UEqhCrIZ2Cs=",
        "owner": "NixOS",
        "repo": "nixpkgs",
        "rev": "e5bdc4a41d4c072fe1e3787eaa0320a384741d44",
        "type": "github"
      },
      "original": {
        "owner": "NixOS",
        "ref": "nixos-unstable",
        "repo": "nixpkgs",
        "type": "github"
      }
    },
    "noctalia": {
      "inputs": {
        "nixpkgs": [
          "nixpkgs"
        ]
      },
      "locked": {
        "lastModified": 1786933769,
        "narHash": "sha256-WGcpfJDmCT+mTYW7L9g0rXVpd/CECCadg68SGlyRmJw=",
        "owner": "noctalia-dev",
        "repo": "noctalia",
        "rev": "b46cdc1f2236fa2a81b36dc669bbda8a176f2148",
        "type": "github"
      },
      "original": {
        "owner": "noctalia-dev",
        "repo": "noctalia",
        "type": "github"
      }
    },
    "noctalia-greeter": {
      "inputs": {
        "nixpkgs": [
          "nixpkgs"
        ]
      },
      "locked": {
        "lastModified": 1786882377,
        "narHash": "sha256-NfnY22tYDrXfIuyexYyqB+jkO6IK23AqmhcNixkU7pw=",
        "owner": "noctalia-dev",
        "repo": "noctalia-greeter",
        "rev": "10d2c9074d3a9219e03b55b2c97f1cc743447af5",
        "type": "github"
      },
      "original": {
        "owner": "noctalia-dev",
        "repo": "noctalia-greeter",
        "type": "github"
      }
    },
    "noctalia-plugins": {
      "flake": false,
      "locked": {
        "lastModified": 1786565732,
        "narHash": "sha256-+ANQuOUHwChz5mtnMWrceBTxQIHc8jIY9Q1Ez9gMB2A=",
        "owner": "noctalia-dev",
        "repo": "official-plugins",
        "rev": "72939b31889c6026bf72847748bd122354c003f5",
        "type": "github"
      },
      "original": {
        "owner": "noctalia-dev",
        "repo": "official-plugins",
        "type": "github"
      }
    },
    "patina": {
      "flake": false,
      "locked": {
        "lastModified": 1786879549,
        "narHash": "sha256-O/6cT8Z4iiOGA9/LHV+hEBmlPpozHazbLZp9QS/TXYw=",
        "owner": "tanrendev",
        "repo": "patina",
        "rev": "ff54cae079ef3cf740f90d53a04fd8d0780073c6",
        "type": "github"
      },
      "original": {
        "owner": "tanrendev",
        "repo": "patina",
        "type": "github"
      }
    },
    "root": {
      "inputs": {
        "familiar": "familiar",
        "home-manager": "home-manager",
        "nix-index-database": "nix-index-database",
        "nixpkgs": "nixpkgs",
        "noctalia": "noctalia",
        "noctalia-greeter": "noctalia-greeter",
        "noctalia-plugins": "noctalia-plugins",
        "patina": "patina"
      }
    }
  },
  "root": "root",
  "version": 7
}
